
Microsoft Visual Studio Solution File, Format Version 12.00
# Visual Studio Version 17
VisualStudioVersion = 17.9.34728.123
MinimumVisualStudioVersion = 10.0.40219.1
Project("{FAE04EC0-301F-11D3-BF4B-00C04F79EFBC}") = "project_2", "project_2\project_2.csproj", "{4E4B3592-D936-41C8-8AB4-EBDC3641CB6B}"
EndProject
Project("{FAE04EC0-301F-11D3-BF4B-00C04F79EFBC}") = "project_1", "project_1\project_1\project_1.csproj", "{DC8C8C1B-C730-4175-8AB7-5D3D3A6C4B6B}"
EndProject
Project("{FAE04EC0-301F-11D3-BF4B-00C04F79EFBC}") = "project_3", "project_3\project_3.csproj", "{05AF2FB4-D891-4AF0-890B-9C22F36CCB01}"
EndProject
Global
	GlobalSection(SolutionConfigurationPlatforms) = preSolution
		Debug|Any CPU = Debug|Any CPU
		Release|Any CPU = Release|Any CPU
	EndGlobalSection
	GlobalSection(ProjectConfigurationPlatforms) = postSolution
		{4E4B3592-D936-41C8-8AB4-EBDC3641CB6B}.Debug|Any CPU.ActiveCfg = Debug|Any CPU
		{4E4B3592-D936-41C8-8AB4-EBDC3641CB6B}.Debug|Any CPU.Build.0 = Debug|Any CPU
		{4E4B3592-D936-41C8-8AB4-EBDC3641CB6B}.Release|Any CPU.ActiveCfg = Release|Any CPU
		{4E4B3592-D936-41C8-8AB4-EBDC3641CB6B}.Release|Any CPU.Build.0 = Release|Any CPU
		{DC8C8C1B-C730-4175-8AB7-5D3D3A6C4B6B}.Debug|Any CPU.ActiveCfg = Debug|Any CPU
		{DC8C8C1B-C730-4175-8AB7-5D3D3A6C4B6B}.Debug|Any CPU.Build.0 = Debug|Any CPU
		{DC8C8C1B-C730-4175-8AB7-5D3D3A6C4B6B}.Release|Any CPU.ActiveCfg = Release|Any CPU
		{DC8C8C1B-C730-4175-8AB7-5D3D3A6C4B6B}.Release|Any CPU.Build.0 = Release|Any CPU
		{05AF2FB4-D891-4AF0-890B-9C22F36CCB01}.Debug|Any CPU.ActiveCfg = Debug|Any CPU
		{05AF2FB4-D891-4AF0-890B-9C22F36CCB01}.Debug|Any CPU.Build.0 = Debug|Any CPU
		{05AF2FB4-D891-4AF0-890B-9C22F36CCB01}.Release|Any CPU.ActiveCfg = Release|Any CPU
		{05AF2FB4-D891-4AF0-890B-9C22F36CCB01}.Release|Any CPU.Build.0 = Release|Any CPU
	EndGlobalSection
	GlobalSection(SolutionProperties) = preSolution
		HideSolutionNode = FALSE
	EndGlobalSection
	GlobalSection(ExtensibilityGlobals) = postSolution
		SolutionGuid = {39CB45BB-49A8-452F-90DB-0C3E762E231F}
	EndGlobalSection
EndGlobal
