
Microsoft Visual Studio Solution File, Format Version 12.00
# Visual Studio Version 17
VisualStudioVersion = 17.9.34701.34
MinimumVisualStudioVersion = 10.0.40219.1
Project("{FAE04EC0-301F-11D3-BF4B-00C04F79EFBC}") = "project_1", "project_1\project_1.csproj", "{9B22F25E-7600-4394-8010-83B9176BB592}"
EndProject
Project("{FAE04EC0-301F-11D3-BF4B-00C04F79EFBC}") = "project_2", "project_2\project_2.csproj", "{42202898-2E74-4288-BD1C-5BFF6AE4EB85}"
EndProject
Project("{FAE04EC0-301F-11D3-BF4B-00C04F79EFBC}") = "project_3", "project_3\project_3.csproj", "{69B0CD74-2878-4DEB-A95A-16ECD2C8BC36}"
EndProject
Project("{FAE04EC0-301F-11D3-BF4B-00C04F79EFBC}") = "project_4", "project_4\project_4.csproj", "{AF9FC90A-E97C-4AF6-9EC8-10F564D69E25}"
EndProject
Global
	GlobalSection(SolutionConfigurationPlatforms) = preSolution
		Debug|Any CPU = Debug|Any CPU
		Release|Any CPU = Release|Any CPU
	EndGlobalSection
	GlobalSection(ProjectConfigurationPlatforms) = postSolution
		{9B22F25E-7600-4394-8010-83B9176BB592}.Debug|Any CPU.ActiveCfg = Debug|Any CPU
		{9B22F25E-7600-4394-8010-83B9176BB592}.Debug|Any CPU.Build.0 = Debug|Any CPU
		{9B22F25E-7600-4394-8010-83B9176BB592}.Release|Any CPU.ActiveCfg = Release|Any CPU
		{9B22F25E-7600-4394-8010-83B9176BB592}.Release|Any CPU.Build.0 = Release|Any CPU
		{42202898-2E74-4288-BD1C-5BFF6AE4EB85}.Debug|Any CPU.ActiveCfg = Debug|Any CPU
		{42202898-2E74-4288-BD1C-5BFF6AE4EB85}.Debug|Any CPU.Build.0 = Debug|Any CPU
		{42202898-2E74-4288-BD1C-5BFF6AE4EB85}.Release|Any CPU.ActiveCfg = Release|Any CPU
		{42202898-2E74-4288-BD1C-5BFF6AE4EB85}.Release|Any CPU.Build.0 = Release|Any CPU
		{69B0CD74-2878-4DEB-A95A-16ECD2C8BC36}.Debug|Any CPU.ActiveCfg = Debug|Any CPU
		{69B0CD74-2878-4DEB-A95A-16ECD2C8BC36}.Debug|Any CPU.Build.0 = Debug|Any CPU
		{69B0CD74-2878-4DEB-A95A-16ECD2C8BC36}.Release|Any CPU.ActiveCfg = Release|Any CPU
		{69B0CD74-2878-4DEB-A95A-16ECD2C8BC36}.Release|Any CPU.Build.0 = Release|Any CPU
		{AF9FC90A-E97C-4AF6-9EC8-10F564D69E25}.Debug|Any CPU.ActiveCfg = Debug|Any CPU
		{AF9FC90A-E97C-4AF6-9EC8-10F564D69E25}.Debug|Any CPU.Build.0 = Debug|Any CPU
		{AF9FC90A-E97C-4AF6-9EC8-10F564D69E25}.Release|Any CPU.ActiveCfg = Release|Any CPU
		{AF9FC90A-E97C-4AF6-9EC8-10F564D69E25}.Release|Any CPU.Build.0 = Release|Any CPU
	EndGlobalSection
	GlobalSection(SolutionProperties) = preSolution
		HideSolutionNode = FALSE
	EndGlobalSection
	GlobalSection(ExtensibilityGlobals) = postSolution
		SolutionGuid = {7A4986D2-439A-4E82-83B1-5E07BB779850}
	EndGlobalSection
EndGlobal
