
Microsoft Visual Studio Solution File, Format Version 12.00
# Visual Studio Version 17
VisualStudioVersion = 17.9.34728.123
MinimumVisualStudioVersion = 10.0.40219.1
Project("{FAE04EC0-301F-11D3-BF4B-00C04F79EFBC}") = "project_1", "project_1\project_1.csproj", "{DC8C8C1B-C730-4175-8AB7-5D3D3A6C4B6B}"
EndProject
Global
	GlobalSection(SolutionConfigurationPlatforms) = preSolution
		Debug|Any CPU = Debug|Any CPU
		Release|Any CPU = Release|Any CPU
	EndGlobalSection
	GlobalSection(ProjectConfigurationPlatforms) = postSolution
		{DC8C8C1B-C730-4175-8AB7-5D3D3A6C4B6B}.Debug|Any CPU.ActiveCfg = Debug|Any CPU
		{DC8C8C1B-C730-4175-8AB7-5D3D3A6C4B6B}.Debug|Any CPU.Build.0 = Debug|Any CPU
		{DC8C8C1B-C730-4175-8AB7-5D3D3A6C4B6B}.Release|Any CPU.ActiveCfg = Release|Any CPU
		{DC8C8C1B-C730-4175-8AB7-5D3D3A6C4B6B}.Release|Any CPU.Build.0 = Release|Any CPU
	EndGlobalSection
	GlobalSection(SolutionProperties) = preSolution
		HideSolutionNode = FALSE
	EndGlobalSection
	GlobalSection(ExtensibilityGlobals) = postSolution
		SolutionGuid = {48DBAB7B-AE27-45B9-9874-9AB711E6E4FF}
	EndGlobalSection
EndGlobal
