
Microsoft Visual Studio Solution File, Format Version 12.00
# Visual Studio Version 17
VisualStudioVersion = 17.9.34728.123
MinimumVisualStudioVersion = 10.0.40219.1
Project("{FAE04EC0-301F-11D3-BF4B-00C04F79EFBC}") = "project_1", "project_1\project_1.csproj", "{58E96E4D-02A5-4DFF-B812-4510FD29D0FF}"
EndProject
Project("{FAE04EC0-301F-11D3-BF4B-00C04F79EFBC}") = "project_2", "project_2\project_2.csproj", "{6AD4373F-9EFB-499F-933D-A89A879D7D25}"
EndProject
Project("{FAE04EC0-301F-11D3-BF4B-00C04F79EFBC}") = "project_3", "project_3\project_3.csproj", "{E1521880-B233-4CA4-A7E3-A59A0608FA3D}"
EndProject
Project("{FAE04EC0-301F-11D3-BF4B-00C04F79EFBC}") = "project_4", "project_4\project_4.csproj", "{8C516850-6D2A-46A8-8567-B17AD98B00DA}"
EndProject
Project("{FAE04EC0-301F-11D3-BF4B-00C04F79EFBC}") = "project_5", "project_5\project_5.csproj", "{352D1BFA-70A4-4779-98EB-6C1B419687D3}"
EndProject
Global
	GlobalSection(SolutionConfigurationPlatforms) = preSolution
		Debug|Any CPU = Debug|Any CPU
		Release|Any CPU = Release|Any CPU
	EndGlobalSection
	GlobalSection(ProjectConfigurationPlatforms) = postSolution
		{58E96E4D-02A5-4DFF-B812-4510FD29D0FF}.Debug|Any CPU.ActiveCfg = Debug|Any CPU
		{58E96E4D-02A5-4DFF-B812-4510FD29D0FF}.Debug|Any CPU.Build.0 = Debug|Any CPU
		{58E96E4D-02A5-4DFF-B812-4510FD29D0FF}.Release|Any CPU.ActiveCfg = Release|Any CPU
		{58E96E4D-02A5-4DFF-B812-4510FD29D0FF}.Release|Any CPU.Build.0 = Release|Any CPU
		{6AD4373F-9EFB-499F-933D-A89A879D7D25}.Debug|Any CPU.ActiveCfg = Debug|Any CPU
		{6AD4373F-9EFB-499F-933D-A89A879D7D25}.Debug|Any CPU.Build.0 = Debug|Any CPU
		{6AD4373F-9EFB-499F-933D-A89A879D7D25}.Release|Any CPU.ActiveCfg = Release|Any CPU
		{6AD4373F-9EFB-499F-933D-A89A879D7D25}.Release|Any CPU.Build.0 = Release|Any CPU
		{E1521880-B233-4CA4-A7E3-A59A0608FA3D}.Debug|Any CPU.ActiveCfg = Debug|Any CPU
		{E1521880-B233-4CA4-A7E3-A59A0608FA3D}.Debug|Any CPU.Build.0 = Debug|Any CPU
		{E1521880-B233-4CA4-A7E3-A59A0608FA3D}.Release|Any CPU.ActiveCfg = Release|Any CPU
		{E1521880-B233-4CA4-A7E3-A59A0608FA3D}.Release|Any CPU.Build.0 = Release|Any CPU
		{8C516850-6D2A-46A8-8567-B17AD98B00DA}.Debug|Any CPU.ActiveCfg = Debug|Any CPU
		{8C516850-6D2A-46A8-8567-B17AD98B00DA}.Debug|Any CPU.Build.0 = Debug|Any CPU
		{8C516850-6D2A-46A8-8567-B17AD98B00DA}.Release|Any CPU.ActiveCfg = Release|Any CPU
		{8C516850-6D2A-46A8-8567-B17AD98B00DA}.Release|Any CPU.Build.0 = Release|Any CPU
		{352D1BFA-70A4-4779-98EB-6C1B419687D3}.Debug|Any CPU.ActiveCfg = Debug|Any CPU
		{352D1BFA-70A4-4779-98EB-6C1B419687D3}.Debug|Any CPU.Build.0 = Debug|Any CPU
		{352D1BFA-70A4-4779-98EB-6C1B419687D3}.Release|Any CPU.ActiveCfg = Release|Any CPU
		{352D1BFA-70A4-4779-98EB-6C1B419687D3}.Release|Any CPU.Build.0 = Release|Any CPU
	EndGlobalSection
	GlobalSection(SolutionProperties) = preSolution
		HideSolutionNode = FALSE
	EndGlobalSection
	GlobalSection(ExtensibilityGlobals) = postSolution
		SolutionGuid = {4CEE9C25-DE36-4F39-BC9D-61AC80B74E65}
	EndGlobalSection
EndGlobal
